{
  "version": 4,
  "terraform_version": "1.1.4",
  "serial": 50,
  "lineage": "d05f2b09-a5ba-0b10-903f-8a783eccabc9",
  "outputs": {},
  "resources": [
    {
      "module": "module.enum-connector",
      "mode": "data",
      "type": "github_user",
      "name": "admin_user",
      "provider": "provider[\"registry.terraform.io/hashicorp/github\"]",
      "instances": [
        {
          "schema_version": 0,
          "attributes": {
            "avatar_url": "https://avatars.githubusercontent.com/u/98398074?v=4",
            "bio": "",
            "blog": "",
            "company": "",
            "created_at": null,
            "email": "",
            "followers": 0,
            "following": 1,
            "gpg_keys": [],
            "gravatar_id": "",
            "id": "98398074",
            "location": "",
            "login": "muykol",
            "name": "",
            "node_id": "U_kgDOBd1veg",
            "public_gists": 1,
            "public_repos": 7,
            "site_admin": false,
            "ssh_keys": [],
            "suspended_at": null,
            "updated_at": null,
            "username": "muykol"
          },
          "sensitive_attributes": []
        }
      ]
    },
    {
      "module": "module.enum-connector",
      "mode": "managed",
      "type": "github_branch_protection_v3",
      "name": "main",
      "provider": "provider[\"registry.terraform.io/hashicorp/github\"]",
      "instances": [
        {
          "schema_version": 0,
          "attributes": {
            "branch": "main",
            "enforce_admins": true,
            "etag": "W/\"310678f090af349e63f5ab0dd92b98d6389ada458cc415c09c2d8f3124395b06\"",
            "id": "communications-enum-connector:main",
            "repository": "communications-enum-connector",
            "require_conversation_resolution": true,
            "require_signed_commits": false,
            "required_pull_request_reviews": [
              {
                "dismiss_stale_reviews": true,
                "dismissal_teams": [],
                "dismissal_users": [],
                "include_admins": false,
                "require_code_owner_reviews": false,
                "required_approving_review_count": 1
              }
            ],
            "required_status_checks": [],
            "restrictions": [
              {
                "apps": [],
                "teams": [],
                "users": []
              }
            ]
          },
          "sensitive_attributes": [],
          "private": "bnVsbA==",
          "dependencies": [
            "module.enum-connector.github_repository.repo"
          ]
        }
      ]
    },
    {
      "module": "module.enum-connector",
      "mode": "managed",
      "type": "github_membership",
      "name": "org_members",
      "provider": "provider[\"registry.terraform.io/hashicorp/github\"]",
      "instances": [
        {
          "schema_version": 0,
          "attributes": {
            "etag": "W/\"9695638f1e8bcca8f5c9e343676b45ac503d12cb5be493006b34567b48e96d38\"",
            "id": "MuyiComms:muykol",
            "role": "admin",
            "username": "muykol"
          },
          "sensitive_attributes": [],
          "private": "bnVsbA=="
        }
      ]
    },
    {
      "module": "module.enum-connector",
      "mode": "managed",
      "type": "github_repository",
      "name": "repo",
      "provider": "provider[\"registry.terraform.io/hashicorp/github\"]",
      "instances": [
        {
          "schema_version": 0,
          "attributes": {
            "allow_auto_merge": false,
            "allow_merge_commit": true,
            "allow_rebase_merge": true,
            "allow_squash_merge": true,
            "archive_on_destroy": true,
            "archived": false,
            "auto_init": true,
            "branches": [
              {
                "name": "main",
                "protected": false
              }
            ],
            "default_branch": "main",
            "delete_branch_on_merge": false,
            "description": "",
            "etag": "W/\"41ea7028eb6987fdb374b58d23924598880427fbd03baa837bdb91a79a1f8c0d\"",
            "full_name": "MuyiComms/communications-enum-connector",
            "git_clone_url": "git://github.com/MuyiComms/communications-enum-connector.git",
            "gitignore_template": null,
            "has_downloads": false,
            "has_issues": false,
            "has_projects": false,
            "has_wiki": false,
            "homepage_url": "",
            "html_url": "https://github.com/MuyiComms/communications-enum-connector",
            "http_clone_url": "https://github.com/MuyiComms/communications-enum-connector.git",
            "id": "communications-enum-connector",
            "is_template": false,
            "license_template": null,
            "name": "communications-enum-connector",
            "node_id": "R_kgDOHEMv6Q",
            "pages": [],
            "private": false,
            "repo_id": 474165225,
            "ssh_clone_url": "git@github.com:MuyiComms/communications-enum-connector.git",
            "svn_url": "https://github.com/MuyiComms/communications-enum-connector",
            "template": [],
            "topics": [],
            "visibility": "public",
            "vulnerability_alerts": true
          },
          "sensitive_attributes": [],
          "private": "bnVsbA=="
        }
      ]
    },
    {
      "module": "module.net-core-example-repo",
      "mode": "data",
      "type": "github_user",
      "name": "admin_user",
      "provider": "provider[\"registry.terraform.io/hashicorp/github\"]",
      "instances": [
        {
          "schema_version": 0,
          "attributes": {
            "avatar_url": "https://avatars.githubusercontent.com/u/98398074?v=4",
            "bio": "",
            "blog": "",
            "company": "",
            "created_at": null,
            "email": "",
            "followers": 0,
            "following": 1,
            "gpg_keys": [],
            "gravatar_id": "",
            "id": "98398074",
            "location": "",
            "login": "muykol",
            "name": "",
            "node_id": "U_kgDOBd1veg",
            "public_gists": 1,
            "public_repos": 7,
            "site_admin": false,
            "ssh_keys": [],
            "suspended_at": null,
            "updated_at": null,
            "username": "muykol"
          },
          "sensitive_attributes": []
        }
      ]
    },
    {
      "module": "module.net-core-example-repo",
      "mode": "managed",
      "type": "github_branch_protection_v3",
      "name": "main",
      "provider": "provider[\"registry.terraform.io/hashicorp/github\"]",
      "instances": [
        {
          "schema_version": 0,
          "attributes": {
            "branch": "main",
            "enforce_admins": true,
            "etag": "W/\"72abdfa1849a0f6dcf127a551c82c9373b880a26adf90bdfb54f37a8ca7e2714\"",
            "id": "communications-net-core-example:main",
            "repository": "communications-net-core-example",
            "require_conversation_resolution": true,
            "require_signed_commits": false,
            "required_pull_request_reviews": [
              {
                "dismiss_stale_reviews": true,
                "dismissal_teams": [],
                "dismissal_users": [],
                "include_admins": false,
                "require_code_owner_reviews": false,
                "required_approving_review_count": 1
              }
            ],
            "required_status_checks": [],
            "restrictions": [
              {
                "apps": [],
                "teams": [],
                "users": []
              }
            ]
          },
          "sensitive_attributes": [],
          "private": "bnVsbA==",
          "dependencies": [
            "module.net-core-example-repo.github_repository.repo"
          ]
        }
      ]
    },
    {
      "module": "module.net-core-example-repo",
      "mode": "managed",
      "type": "github_membership",
      "name": "org_members",
      "provider": "provider[\"registry.terraform.io/hashicorp/github\"]",
      "instances": [
        {
          "schema_version": 0,
          "attributes": {
            "etag": "W/\"9695638f1e8bcca8f5c9e343676b45ac503d12cb5be493006b34567b48e96d38\"",
            "id": "MuyiComms:muykol",
            "role": "admin",
            "username": "muykol"
          },
          "sensitive_attributes": [],
          "private": "bnVsbA=="
        }
      ]
    },
    {
      "module": "module.net-core-example-repo",
      "mode": "managed",
      "type": "github_repository",
      "name": "repo",
      "provider": "provider[\"registry.terraform.io/hashicorp/github\"]",
      "instances": [
        {
          "schema_version": 0,
          "attributes": {
            "allow_auto_merge": false,
            "allow_merge_commit": true,
            "allow_rebase_merge": true,
            "allow_squash_merge": true,
            "archive_on_destroy": true,
            "archived": false,
            "auto_init": true,
            "branches": [
              {
                "name": "main",
                "protected": false
              }
            ],
            "default_branch": "main",
            "delete_branch_on_merge": false,
            "description": "",
            "etag": "W/\"29c4f82687aa36d987cb862f5f52f4303c573af95da400486e8dfb49a70436c6\"",
            "full_name": "MuyiComms/communications-net-core-example",
            "git_clone_url": "git://github.com/MuyiComms/communications-net-core-example.git",
            "gitignore_template": null,
            "has_downloads": false,
            "has_issues": false,
            "has_projects": false,
            "has_wiki": false,
            "homepage_url": "",
            "html_url": "https://github.com/MuyiComms/communications-net-core-example",
            "http_clone_url": "https://github.com/MuyiComms/communications-net-core-example.git",
            "id": "communications-net-core-example",
            "is_template": false,
            "license_template": null,
            "name": "communications-net-core-example",
            "node_id": "R_kgDOHEMv4A",
            "pages": [],
            "private": false,
            "repo_id": 474165216,
            "ssh_clone_url": "git@github.com:MuyiComms/communications-net-core-example.git",
            "svn_url": "https://github.com/MuyiComms/communications-net-core-example",
            "template": [],
            "topics": [],
            "visibility": "public",
            "vulnerability_alerts": true
          },
          "sensitive_attributes": [],
          "private": "bnVsbA=="
        }
      ]
    }
  ]
}
